PODS:
  - Eureka (5.0.0)

DEPENDENCIES:
  - Eureka (from `https://github.com/kamerc/Eureka.git`, branch `ios-13`)

EXTERNAL SOURCES:
  Eureka:
    :branch: ios-13
    :git: https://github.com/kamerc/Eureka.git

CHECKOUT OPTIONS:
  Eureka:
    :commit: cc99f9cf1cc8330482f256b54f778cd8742948e9
    :git: https://github.com/kamerc/Eureka.git

SPEC CHECKSUMS:
  Eureka: e7b9a83e08867f8336176247bdc4c199b1f68e5e

PODFILE CHECKSUM: 9ca3e58ad3094a8758ff65b9ec60756ae34a8970

COCOAPODS: 1.7.5
